// !$*UTF8*$!
{
	archiveVersion = 1;
	classes = {
	};
	objectVersion = 46;
	objects = {

/* Begin PBXBuildFile section */
		F1431766155DC95800E4DA6C /* Foundation.framework in Frameworks */ = {isa = PBXBuildFile; fileRef = F1431765155DC95800E4DA6C /* Foundation.framework */; };
		F1431768155DC95800E4DA6C /* UIKit.framework in Frameworks */ = {isa = PBXBuildFile; fileRef = F1431767155DC95800E4DA6C /* UIKit.framework */; };
		F143176A155DC95800E4DA6C /* CoreGraphics.framework in Frameworks */ = {isa = PBXBuildFile; fileRef = F1431769155DC95800E4DA6C /* CoreGraphics.framework */; };
		F143176C155DC95800E4DA6C /* AddressBook.framework in Frameworks */ = {isa = PBXBuildFile; fileRef = F143176B155DC95800E4DA6C /* AddressBook.framework */; };
		F143176E155DC95800E4DA6C /* AddressBookUI.framework in Frameworks */ = {isa = PBXBuildFile; fileRef = F143176D155DC95800E4DA6C /* AddressBookUI.framework */; };
		F1431770155DC95800E4DA6C /* AudioToolbox.framework in Frameworks */ = {isa = PBXBuildFile; fileRef = F143176F155DC95800E4DA6C /* AudioToolbox.framework */; };
		F1431772155DC95800E4DA6C /* AVFoundation.framework in Frameworks */ = {isa = PBXBuildFile; fileRef = F1431771155DC95800E4DA6C /* AVFoundation.framework */; };
		F1431774155DC95800E4DA6C /* CoreLocation.framework in Frameworks */ = {isa = PBXBuildFile; fileRef = F1431773155DC95800E4DA6C /* CoreLocation.framework */; };
		F1431776155DC95800E4DA6C /* MediaPlayer.framework in Frameworks */ = {isa = PBXBuildFile; fileRef = F1431775155DC95800E4DA6C /* MediaPlayer.framework */; };
		F1431778155DC95800E4DA6C /* QuartzCore.framework in Frameworks */ = {isa = PBXBuildFile; fileRef = F1431777155DC95800E4DA6C /* QuartzCore.framework */; };
		F143177A155DC95800E4DA6C /* SystemConfiguration.framework in Frameworks */ = {isa = PBXBuildFile; fileRef = F1431779155DC95800E4DA6C /* SystemConfiguration.framework */; };
		F143177C155DC95800E4DA6C /* MobileCoreServices.framework in Frameworks */ = {isa = PBXBuildFile; fileRef = F143177B155DC95800E4DA6C /* MobileCoreServices.framework */; };
		F143177E155DC95800E4DA6C /* CoreMedia.framework in Frameworks */ = {isa = PBXBuildFile; fileRef = F143177D155DC95800E4DA6C /* CoreMedia.framework */; };
		F1431784155DC95800E4DA6C /* InfoPlist.strings in Resources */ = {isa = PBXBuildFile; fileRef = F1431782155DC95800E4DA6C /* InfoPlist.strings */; };
		F1431786155DC95800E4DA6C /* main.m in Sources */ = {isa = PBXBuildFile; fileRef = F1431785155DC95800E4DA6C /* main.m */; };
		F1431789155DC95800E4DA6C /* Cordova.framework in Frameworks */ = {isa = PBXBuildFile; fileRef = F1431788155DC95800E4DA6C /* Cordova.framework */; };
		F143178E155DC95800E4DA6C /* Localizable.strings in Resources */ = {isa = PBXBuildFile; fileRef = F143178C155DC95800E4DA6C /* Localizable.strings */; };
		F1431792155DC95900E4DA6C /* Localizable.strings in Resources */ = {isa = PBXBuildFile; fileRef = F1431790155DC95900E4DA6C /* Localizable.strings */; };
		F1431796155DC95900E4DA6C /* Localizable.strings in Resources */ = {isa = PBXBuildFile; fileRef = F1431794155DC95900E4DA6C /* Localizable.strings */; };
		F143179A155DC95900E4DA6C /* Localizable.strings in Resources */ = {isa = PBXBuildFile; fileRef = F1431798155DC95900E4DA6C /* Localizable.strings */; };
		F143179D155DC95900E4DA6C /* icon.png in Resources */ = {isa = PBXBuildFile; fileRef = F143179C155DC95900E4DA6C /* icon.png */; };
		F143179F155DC95900E4DA6C /* icon@2x.png in Resources */ = {isa = PBXBuildFile; fileRef = F143179E155DC95900E4DA6C /* icon@2x.png */; };
		F14317A1155DC95900E4DA6C /* icon-72.png in Resources */ = {isa = PBXBuildFile; fileRef = F14317A0155DC95900E4DA6C /* icon-72.png */; };
		F14317A4155DC95900E4DA6C /* Default.png in Resources */ = {isa = PBXBuildFile; fileRef = F14317A3155DC95900E4DA6C /* Default.png */; };
		F14317A6155DC95900E4DA6C /* Default@2x.png in Resources */ = {isa = PBXBuildFile; fileRef = F14317A5155DC95900E4DA6C /* Default@2x.png */; };
		F14317A8155DC95900E4DA6C /* Capture.bundle in Resources */ = {isa = PBXBuildFile; fileRef = F14317A7155DC95900E4DA6C /* Capture.bundle */; };
		F14317AA155DC95900E4DA6C /* Cordova.plist in Resources */ = {isa = PBXBuildFile; fileRef = F14317A9155DC95900E4DA6C /* Cordova.plist */; };
		F14317AE155DC95900E4DA6C /* AppDelegate.m in Sources */ = {isa = PBXBuildFile; fileRef = F14317AD155DC95900E4DA6C /* AppDelegate.m */; };
		F14317B1155DC95900E4DA6C /* MainViewController.m in Sources */ = {isa = PBXBuildFile; fileRef = F14317B0155DC95900E4DA6C /* MainViewController.m */; };
		F14317B3155DC95900E4DA6C /* MainViewController.xib in Resources */ = {isa = PBXBuildFile; fileRef = F14317B2155DC95900E4DA6C /* MainViewController.xib */; };
		F14317B7155DC95900E4DA6C /* verify.sh in Resources */ = {isa = PBXBuildFile; fileRef = F14317B6155DC95900E4DA6C /* verify.sh */; };
		F14317BE155DCAA300E4DA6C /* www in Resources */ = {isa = PBXBuildFile; fileRef = F14317BD155DCAA300E4DA6C /* www */; };
/* End PBXBuildFile section */

/* Begin PBXFileReference section */
		F1431761155DC95800E4DA6C /* morgart_crud2.app */ = {isa = PBXFileReference; explicitFileType = wrapper.application; includeInIndex = 0; path = morgart_crud2.app; sourceTree = BUILT_PRODUCTS_DIR; };
		F1431765155DC95800E4DA6C /* Foundation.framework */ = {isa = PBXFileReference; lastKnownFileType = wrapper.framework; name = Foundation.framework; path = System/Library/Frameworks/Foundation.framework; sourceTree = SDKROOT; };
		F1431767155DC95800E4DA6C /* UIKit.framework */ = {isa = PBXFileReference; lastKnownFileType = wrapper.framework; name = UIKit.framework; path = System/Library/Frameworks/UIKit.framework; sourceTree = SDKROOT; };
		F1431769155DC95800E4DA6C /* CoreGraphics.framework */ = {isa = PBXFileReference; lastKnownFileType = wrapper.framework; name = CoreGraphics.framework; path = System/Library/Frameworks/CoreGraphics.framework; sourceTree = SDKROOT; };
		F143176B155DC95800E4DA6C /* AddressBook.framework */ = {isa = PBXFileReference; lastKnownFileType = wrapper.framework; name = AddressBook.framework; path = System/Library/Frameworks/AddressBook.framework; sourceTree = SDKROOT; };
		F143176D155DC95800E4DA6C /* AddressBookUI.framework */ = {isa = PBXFileReference; lastKnownFileType = wrapper.framework; name = AddressBookUI.framework; path = System/Library/Frameworks/AddressBookUI.framework; sourceTree = SDKROOT; };
		F143176F155DC95800E4DA6C /* AudioToolbox.framework */ = {isa = PBXFileReference; lastKnownFileType = wrapper.framework; name = AudioToolbox.framework; path = System/Library/Frameworks/AudioToolbox.framework; sourceTree = SDKROOT; };
		F1431771155DC95800E4DA6C /* AVFoundation.framework */ = {isa = PBXFileReference; lastKnownFileType = wrapper.framework; name = AVFoundation.framework; path = System/Library/Frameworks/AVFoundation.framework; sourceTree = SDKROOT; };
		F1431773155DC95800E4DA6C /* CoreLocation.framework */ = {isa = PBXFileReference; lastKnownFileType = wrapper.framework; name = CoreLocation.framework; path = System/Library/Frameworks/CoreLocation.framework; sourceTree = SDKROOT; };
		F1431775155DC95800E4DA6C /* MediaPlayer.framework */ = {isa = PBXFileReference; lastKnownFileType = wrapper.framework; name = MediaPlayer.framework; path = System/Library/Frameworks/MediaPlayer.framework; sourceTree = SDKROOT; };
		F1431777155DC95800E4DA6C /* QuartzCore.framework */ = {isa = PBXFileReference; lastKnownFileType = wrapper.framework; name = QuartzCore.framework; path = System/Library/Frameworks/QuartzCore.framework; sourceTree = SDKROOT; };
		F1431779155DC95800E4DA6C /* SystemConfiguration.framework */ = {isa = PBXFileReference; lastKnownFileType = wrapper.framework; name = SystemConfiguration.framework; path = System/Library/Frameworks/SystemConfiguration.framework; sourceTree = SDKROOT; };
		F143177B155DC95800E4DA6C /* MobileCoreServices.framework */ = {isa = PBXFileReference; lastKnownFileType = wrapper.framework; name = MobileCoreServices.framework; path = System/Library/Frameworks/MobileCoreServices.framework; sourceTree = SDKROOT; };
		F143177D155DC95800E4DA6C /* CoreMedia.framework */ = {isa = PBXFileReference; lastKnownFileType = wrapper.framework; name = CoreMedia.framework; path = System/Library/Frameworks/CoreMedia.framework; sourceTree = SDKROOT; };
		F1431781155DC95800E4DA6C /* morgart_crud2-Info.plist */ = {isa = PBXFileReference; lastKnownFileType = text.plist.xml; path = "morgart_crud2-Info.plist"; sourceTree = "<group>"; };
		F1431783155DC95800E4DA6C /* en */ = {isa = PBXFileReference; lastKnownFileType = text.plist.strings; name = en; path = en.lproj/InfoPlist.strings; sourceTree = "<group>"; };
		F1431785155DC95800E4DA6C /* main.m */ = {isa = PBXFileReference; lastKnownFileType = sourcecode.c.objc; path = main.m; sourceTree = "<group>"; };
		F1431787155DC95800E4DA6C /* morgart_crud2-Prefix.pch */ = {isa = PBXFileReference; lastKnownFileType = sourcecode.c.h; path = "morgart_crud2-Prefix.pch"; sourceTree = "<group>"; };
		F1431788155DC95800E4DA6C /* Cordova.framework */ = {isa = PBXFileReference; lastKnownFileType = wrapper.framework; name = Cordova.framework; path = /Users/Shared/Cordova/Frameworks/Cordova.framework; sourceTree = "<absolute>"; };
		F143178D155DC95800E4DA6C /* en */ = {isa = PBXFileReference; lastKnownFileType = text.plist.strings; name = en; path = Resources/en.lproj/Localizable.strings; sourceTree = "<group>"; };
		F1431791155DC95900E4DA6C /* es */ = {isa = PBXFileReference; lastKnownFileType = text.plist.strings; name = es; path = Resources/es.lproj/Localizable.strings; sourceTree = "<group>"; };
		F1431795155DC95900E4DA6C /* de */ = {isa = PBXFileReference; lastKnownFileType = text.plist.strings; name = de; path = Resources/de.lproj/Localizable.strings; sourceTree = "<group>"; };
		F1431799155DC95900E4DA6C /* se */ = {isa = PBXFileReference; lastKnownFileType = text.plist.strings; name = se; path = Resources/se.lproj/Localizable.strings; sourceTree = "<group>"; };
		F143179C155DC95900E4DA6C /* icon.png */ = {isa = PBXFileReference; lastKnownFileType = image.png; name = icon.png; path = Resources/icons/icon.png; sourceTree = "<group>"; };
		F143179E155DC95900E4DA6C /* icon@2x.png */ = {isa = PBXFileReference; lastKnownFileType = image.png; name = "icon@2x.png"; path = "Resources/icons/icon@2x.png"; sourceTree = "<group>"; };
		F14317A0155DC95900E4DA6C /* icon-72.png */ = {isa = PBXFileReference; lastKnownFileType = image.png; name = "icon-72.png"; path = "Resources/icons/icon-72.png"; sourceTree = "<group>"; };
		F14317A3155DC95900E4DA6C /* Default.png */ = {isa = PBXFileReference; lastKnownFileType = image.png; name = Default.png; path = Resources/splash/Default.png; sourceTree = "<group>"; };
		F14317A5155DC95900E4DA6C /* Default@2x.png */ = {isa = PBXFileReference; lastKnownFileType = image.png; name = "Default@2x.png"; path = "Resources/splash/Default@2x.png"; sourceTree = "<group>"; };
		F14317A7155DC95900E4DA6C /* Capture.bundle */ = {isa = PBXFileReference; lastKnownFileType = "wrapper.plug-in"; name = Capture.bundle; path = Resources/Capture.bundle; sourceTree = "<group>"; };
		F14317A9155DC95900E4DA6C /* Cordova.plist */ = {isa = PBXFileReference; lastKnownFileType = text.plist.xml; path = Cordova.plist; sourceTree = "<group>"; };
		F14317AC155DC95900E4DA6C /* AppDelegate.h */ = {isa = PBXFileReference; lastKnownFileType = sourcecode.c.h; name = AppDelegate.h; path = Classes/AppDelegate.h; sourceTree = "<group>"; };
		F14317AD155DC95900E4DA6C /* AppDelegate.m */ = {isa = PBXFileReference; lastKnownFileType = sourcecode.c.objc; name = AppDelegate.m; path = Classes/AppDelegate.m; sourceTree = "<group>"; };
		F14317AF155DC95900E4DA6C /* MainViewController.h */ = {isa = PBXFileReference; lastKnownFileType = sourcecode.c.h; name = MainViewController.h; path = Classes/MainViewController.h; sourceTree = "<group>"; };
		F14317B0155DC95900E4DA6C /* MainViewController.m */ = {isa = PBXFileReference; lastKnownFileType = sourcecode.c.objc; name = MainViewController.m; path = Classes/MainViewController.m; sourceTree = "<group>"; };
		F14317B2155DC95900E4DA6C /* MainViewController.xib */ = {isa = PBXFileReference; lastKnownFileType = file.xib; name = MainViewController.xib; path = Classes/MainViewController.xib; sourceTree = "<group>"; };
		F14317B5155DC95900E4DA6C /* README */ = {isa = PBXFileReference; lastKnownFileType = text; name = README; path = Plugins/README; sourceTree = "<group>"; };
		F14317B6155DC95900E4DA6C /* verify.sh */ = {isa = PBXFileReference; lastKnownFileType = text.script.sh; path = verify.sh; sourceTree = "<group>"; };
		F14317BD155DCAA300E4DA6C /* www */ = {isa = PBXFileReference; lastKnownFileType = folder; path = www; sourceTree = "<group>"; };
/* End PBXFileReference section */

/* Begin PBXFrameworksBuildPhase section */
		F143175B155DC95800E4DA6C /* Frameworks */ = {
			isa = PBXFrameworksBuildPhase;
			buildActionMask = 2147483647;
			files = (
				F1431766155DC95800E4DA6C /* Foundation.framework in Frameworks */,
				F1431768155DC95800E4DA6C /* UIKit.framework in Frameworks */,
				F143176A155DC95800E4DA6C /* CoreGraphics.framework in Frameworks */,
				F143176C155DC95800E4DA6C /* AddressBook.framework in Frameworks */,
				F143176E155DC95800E4DA6C /* AddressBookUI.framework in Frameworks */,
				F1431770155DC95800E4DA6C /* AudioToolbox.framework in Frameworks */,
				F1431772155DC95800E4DA6C /* AVFoundation.framework in Frameworks */,
				F1431774155DC95800E4DA6C /* CoreLocation.framework in Frameworks */,
				F1431776155DC95800E4DA6C /* MediaPlayer.framework in Frameworks */,
				F1431778155DC95800E4DA6C /* QuartzCore.framework in Frameworks */,
				F143177A155DC95800E4DA6C /* SystemConfiguration.framework in Frameworks */,
				F143177C155DC95800E4DA6C /* MobileCoreServices.framework in Frameworks */,
				F143177E155DC95800E4DA6C /* CoreMedia.framework in Frameworks */,
				F1431789155DC95800E4DA6C /* Cordova.framework in Frameworks */,
			);
			runOnlyForDeploymentPostprocessing = 0;
		};
		F143175E155DC95800E4DA6C /* Frameworks */ = {
			isa = PBXFrameworksBuildPhase;
			buildActionMask = 2147483647;
			files = (
			);
			runOnlyForDeploymentPostprocessing = 0;
		};
/* End PBXFrameworksBuildPhase section */

/* Begin PBXGroup section */
		F1431753155DC95700E4DA6C = {
			isa = PBXGroup;
			children = (
				F14317BD155DCAA300E4DA6C /* www */,
				F143177F155DC95800E4DA6C /* morgart_crud2 */,
				F1431764155DC95800E4DA6C /* Frameworks */,
				F1431762155DC95800E4DA6C /* Products */,
			);
			sourceTree = "<group>";
		};
		F1431762155DC95800E4DA6C /* Products */ = {
			isa = PBXGroup;
			children = (
				F1431761155DC95800E4DA6C /* morgart_crud2.app */,
			);
			name = Products;
			sourceTree = "<group>";
		};
		F1431764155DC95800E4DA6C /* Frameworks */ = {
			isa = PBXGroup;
			children = (
				F1431765155DC95800E4DA6C /* Foundation.framework */,
				F1431767155DC95800E4DA6C /* UIKit.framework */,
				F1431769155DC95800E4DA6C /* CoreGraphics.framework */,
				F143176B155DC95800E4DA6C /* AddressBook.framework */,
				F143176D155DC95800E4DA6C /* AddressBookUI.framework */,
				F143176F155DC95800E4DA6C /* AudioToolbox.framework */,
				F1431771155DC95800E4DA6C /* AVFoundation.framework */,
				F1431773155DC95800E4DA6C /* CoreLocation.framework */,
				F1431775155DC95800E4DA6C /* MediaPlayer.framework */,
				F1431777155DC95800E4DA6C /* QuartzCore.framework */,
				F1431779155DC95800E4DA6C /* SystemConfiguration.framework */,
				F143177B155DC95800E4DA6C /* MobileCoreServices.framework */,
				F143177D155DC95800E4DA6C /* CoreMedia.framework */,
			);
			name = Frameworks;
			sourceTree = "<group>";
		};
		F143177F155DC95800E4DA6C /* morgart_crud2 */ = {
			isa = PBXGroup;
			children = (
				F1431788155DC95800E4DA6C /* Cordova.framework */,
				F143178A155DC95800E4DA6C /* Resources */,
				F14317AB155DC95900E4DA6C /* Classes */,
				F14317B4155DC95900E4DA6C /* Plugins */,
				F1431780155DC95800E4DA6C /* Supporting Files */,
			);
			path = morgart_crud2;
			sourceTree = "<group>";
		};
		F1431780155DC95800E4DA6C /* Supporting Files */ = {
			isa = PBXGroup;
			children = (
				F1431781155DC95800E4DA6C /* morgart_crud2-Info.plist */,
				F1431782155DC95800E4DA6C /* InfoPlist.strings */,
				F1431785155DC95800E4DA6C /* main.m */,
				F1431787155DC95800E4DA6C /* morgart_crud2-Prefix.pch */,
				F14317A9155DC95900E4DA6C /* Cordova.plist */,
				F14317B2155DC95900E4DA6C /* MainViewController.xib */,
				F14317B6155DC95900E4DA6C /* verify.sh */,
			);
			name = "Supporting Files";
			sourceTree = "<group>";
		};
		F143178A155DC95800E4DA6C /* Resources */ = {
			isa = PBXGroup;
			children = (
				F14317A7155DC95900E4DA6C /* Capture.bundle */,
				F143178B155DC95800E4DA6C /* en.lproj */,
				F143178F155DC95900E4DA6C /* es.lproj */,
				F1431793155DC95900E4DA6C /* de.lproj */,
				F1431797155DC95900E4DA6C /* se.lproj */,
				F143179B155DC95900E4DA6C /* icons */,
				F14317A2155DC95900E4DA6C /* splash */,
			);
			name = Resources;
			sourceTree = "<group>";
		};
		F143178B155DC95800E4DA6C /* en.lproj */ = {
			isa = PBXGroup;
			children = (
				F143178C155DC95800E4DA6C /* Localizable.strings */,
			);
			name = en.lproj;
			sourceTree = "<group>";
		};
		F143178F155DC95900E4DA6C /* es.lproj */ = {
			isa = PBXGroup;
			children = (
				F1431790155DC95900E4DA6C /* Localizable.strings */,
			);
			name = es.lproj;
			sourceTree = "<group>";
		};
		F1431793155DC95900E4DA6C /* de.lproj */ = {
			isa = PBXGroup;
			children = (
				F1431794155DC95900E4DA6C /* Localizable.strings */,
			);
			name = de.lproj;
			sourceTree = "<group>";
		};
		F1431797155DC95900E4DA6C /* se.lproj */ = {
			isa = PBXGroup;
			children = (
				F1431798155DC95900E4DA6C /* Localizable.strings */,
			);
			name = se.lproj;
			sourceTree = "<group>";
		};
		F143179B155DC95900E4DA6C /* icons */ = {
			isa = PBXGroup;
			children = (
				F143179C155DC95900E4DA6C /* icon.png */,
				F143179E155DC95900E4DA6C /* icon@2x.png */,
				F14317A0155DC95900E4DA6C /* icon-72.png */,
			);
			name = icons;
			sourceTree = "<group>";
		};
		F14317A2155DC95900E4DA6C /* splash */ = {
			isa = PBXGroup;
			children = (
				F14317A3155DC95900E4DA6C /* Default.png */,
				F14317A5155DC95900E4DA6C /* Default@2x.png */,
			);
			name = splash;
			sourceTree = "<group>";
		};
		F14317AB155DC95900E4DA6C /* Classes */ = {
			isa = PBXGroup;
			children = (
				F14317AC155DC95900E4DA6C /* AppDelegate.h */,
				F14317AD155DC95900E4DA6C /* AppDelegate.m */,
				F14317AF155DC95900E4DA6C /* MainViewController.h */,
				F14317B0155DC95900E4DA6C /* MainViewController.m */,
			);
			name = Classes;
			sourceTree = "<group>";
		};
		F14317B4155DC95900E4DA6C /* Plugins */ = {
			isa = PBXGroup;
			children = (
				F14317B5155DC95900E4DA6C /* README */,
			);
			name = Plugins;
			sourceTree = "<group>";
		};
/* End PBXGroup section */

/* Begin PBXNativeTarget section */
		F1431760155DC95800E4DA6C /* morgart_crud2 */ = {
			isa = PBXNativeTarget;
			buildConfigurationList = F14317BA155DC95900E4DA6C /* Build configuration list for PBXNativeTarget "morgart_crud2" */;
			buildPhases = (
				F143175A155DC95800E4DA6C /* Sources */,
				F143175B155DC95800E4DA6C /* Frameworks */,
				F143175C155DC95800E4DA6C /* Resources */,
				F143175D155DC95800E4DA6C /* Sources */,
				F143175E155DC95800E4DA6C /* Frameworks */,
				F143175F155DC95800E4DA6C /* ShellScript */,
			);
			buildRules = (
			);
			dependencies = (
			);
			name = morgart_crud2;
			productName = morgart_crud2;
			productReference = F1431761155DC95800E4DA6C /* morgart_crud2.app */;
			productType = "com.apple.product-type.application";
		};
/* End PBXNativeTarget section */

/* Begin PBXProject section */
		F1431755155DC95700E4DA6C /* Project object */ = {
			isa = PBXProject;
			attributes = {
				LastUpgradeCheck = 0430;
				ORGANIZATIONNAME = "Full Sail University";
			};
			buildConfigurationList = F1431758155DC95700E4DA6C /* Build configuration list for PBXProject "morgart_crud2" */;
			compatibilityVersion = "Xcode 3.2";
			developmentRegion = English;
			hasScannedForEncodings = 0;
			knownRegions = (
				en,
				es,
				de,
				se,
			);
			mainGroup = F1431753155DC95700E4DA6C;
			productRefGroup = F1431762155DC95800E4DA6C /* Products */;
			projectDirPath = "";
			projectRoot = "";
			targets = (
				F1431760155DC95800E4DA6C /* morgart_crud2 */,
			);
		};
/* End PBXProject section */

/* Begin PBXResourcesBuildPhase section */
		F143175C155DC95800E4DA6C /* Resources */ = {
			isa = PBXResourcesBuildPhase;
			buildActionMask = 2147483647;
			files = (
				F1431784155DC95800E4DA6C /* InfoPlist.strings in Resources */,
				F143178E155DC95800E4DA6C /* Localizable.strings in Resources */,
				F1431792155DC95900E4DA6C /* Localizable.strings in Resources */,
				F1431796155DC95900E4DA6C /* Localizable.strings in Resources */,
				F143179A155DC95900E4DA6C /* Localizable.strings in Resources */,
				F143179D155DC95900E4DA6C /* icon.png in Resources */,
				F143179F155DC95900E4DA6C /* icon@2x.png in Resources */,
				F14317A1155DC95900E4DA6C /* icon-72.png in Resources */,
				F14317A4155DC95900E4DA6C /* Default.png in Resources */,
				F14317A6155DC95900E4DA6C /* Default@2x.png in Resources */,
				F14317A8155DC95900E4DA6C /* Capture.bundle in Resources */,
				F14317AA155DC95900E4DA6C /* Cordova.plist in Resources */,
				F14317B3155DC95900E4DA6C /* MainViewController.xib in Resources */,
				F14317B7155DC95900E4DA6C /* verify.sh in Resources */,
				F14317BE155DCAA300E4DA6C /* www in Resources */,
			);
			runOnlyForDeploymentPostprocessing = 0;
		};
/* End PBXResourcesBuildPhase section */

/* Begin PBXShellScriptBuildPhase section */
		F143175F155DC95800E4DA6C /* ShellScript */ = {
			isa = PBXShellScriptBuildPhase;
			buildActionMask = 2147483647;
			files = (
			);
			inputPaths = (
			);
			outputPaths = (
			);
			runOnlyForDeploymentPostprocessing = 0;
			shellPath = /bin/bash;
			shellScript = "\n\t\t\t\t\t\t\t\tchmod 755 \"$PROJECT_DIR/$PROJECT_NAME/verify.sh\"\n\t\t\t\t\t\t\t\t\"$PROJECT_DIR/$PROJECT_NAME/verify.sh\"\n\t\t\t\t\t";
		};
/* End PBXShellScriptBuildPhase section */

/* Begin PBXSourcesBuildPhase section */
		F143175A155DC95800E4DA6C /* Sources */ = {
			isa = PBXSourcesBuildPhase;
			buildActionMask = 2147483647;
			files = (
				F1431786155DC95800E4DA6C /* main.m in Sources */,
				F14317AE155DC95900E4DA6C /* AppDelegate.m in Sources */,
				F14317B1155DC95900E4DA6C /* MainViewController.m in Sources */,
			);
			runOnlyForDeploymentPostprocessing = 0;
		};
		F143175D155DC95800E4DA6C /* Sources */ = {
			isa = PBXSourcesBuildPhase;
			buildActionMask = 2147483647;
			files = (
			);
			runOnlyForDeploymentPostprocessing = 0;
		};
/* End PBXSourcesBuildPhase section */

/* Begin PBXVariantGroup section */
		F1431782155DC95800E4DA6C /* InfoPlist.strings */ = {
			isa = PBXVariantGroup;
			children = (
				F1431783155DC95800E4DA6C /* en */,
			);
			name = InfoPlist.strings;
			sourceTree = "<group>";
		};
		F143178C155DC95800E4DA6C /* Localizable.strings */ = {
			isa = PBXVariantGroup;
			children = (
				F143178D155DC95800E4DA6C /* en */,
			);
			name = Localizable.strings;
			sourceTree = "<group>";
		};
		F1431790155DC95900E4DA6C /* Localizable.strings */ = {
			isa = PBXVariantGroup;
			children = (
				F1431791155DC95900E4DA6C /* es */,
			);
			name = Localizable.strings;
			sourceTree = "<group>";
		};
		F1431794155DC95900E4DA6C /* Localizable.strings */ = {
			isa = PBXVariantGroup;
			children = (
				F1431795155DC95900E4DA6C /* de */,
			);
			name = Localizable.strings;
			sourceTree = "<group>";
		};
		F1431798155DC95900E4DA6C /* Localizable.strings */ = {
			isa = PBXVariantGroup;
			children = (
				F1431799155DC95900E4DA6C /* se */,
			);
			name = Localizable.strings;
			sourceTree = "<group>";
		};
/* End PBXVariantGroup section */

/* Begin XCBuildConfiguration section */
		F14317B8155DC95900E4DA6C /* Debug */ = {
			isa = XCBuildConfiguration;
			buildSettings = {
				ALWAYS_SEARCH_USER_PATHS = NO;
				ARCHS = (
					armv6,
					"$(ARCHS_STANDARD_32_BIT)",
				);
				"CODE_SIGN_IDENTITY[sdk=iphoneos*]" = "iPhone Developer";
				COPY_PHASE_STRIP = NO;
				GCC_C_LANGUAGE_STANDARD = gnu99;
				GCC_DYNAMIC_NO_PIC = NO;
				GCC_OPTIMIZATION_LEVEL = 0;
				GCC_PREPROCESSOR_DEFINITIONS = (
					"DEBUG=1",
					"$(inherited)",
				);
				GCC_SYMBOLS_PRIVATE_EXTERN = NO;
				GCC_THUMB_SUPPORT = NO;
				GCC_VERSION = com.apple.compilers.llvm.clang.1_0;
				GCC_WARN_ABOUT_RETURN_TYPE = YES;
				GCC_WARN_UNINITIALIZED_AUTOS = YES;
				GCC_WARN_UNUSED_VARIABLE = YES;
				IPHONEOS_DEPLOYMENT_TARGET = 3.0;
				SDKROOT = iphoneos;
			};
			name = Debug;
		};
		F14317B9155DC95900E4DA6C /* Release */ = {
			isa = XCBuildConfiguration;
			buildSettings = {
				ALWAYS_SEARCH_USER_PATHS = NO;
				ARCHS = (
					armv6,
					"$(ARCHS_STANDARD_32_BIT)",
				);
				"CODE_SIGN_IDENTITY[sdk=iphoneos*]" = "iPhone Developer";
				COPY_PHASE_STRIP = YES;
				GCC_C_LANGUAGE_STANDARD = gnu99;
				GCC_THUMB_SUPPORT = NO;
				GCC_VERSION = com.apple.compilers.llvm.clang.1_0;
				GCC_WARN_ABOUT_RETURN_TYPE = YES;
				GCC_WARN_UNINITIALIZED_AUTOS = YES;
				GCC_WARN_UNUSED_VARIABLE = YES;
				IPHONEOS_DEPLOYMENT_TARGET = 3.0;
				SDKROOT = iphoneos;
				VALIDATE_PRODUCT = YES;
			};
			name = Release;
		};
		F14317BB155DC95900E4DA6C /* Debug */ = {
			isa = XCBuildConfiguration;
			buildSettings = {
				ALWAYS_SEARCH_USER_PATHS = YES;
				COPY_PHASE_STRIP = NO;
				FRAMEWORK_SEARCH_PATHS = /Users/Shared/Cordova/Frameworks;
				GCC_DYNAMIC_NO_PIC = NO;
				GCC_PRECOMPILE_PREFIX_HEADER = YES;
				GCC_PREFIX_HEADER = "morgart_crud2/morgart_crud2-Prefix.pch";
				GCC_PREPROCESSOR_DEFINITIONS = (
					"DEBUG=1,",
					"CORDOVA_FRAMEWORK=1",
				);
				GCC_THUMB_SUPPORT = NO;
				INFOPLIST_FILE = "morgart_crud2/morgart_crud2-Info.plist";
				OTHER_LDFLAGS = (
					"-weak_framework",
					UIKit,
					"-weak_framework",
					AVFoundation,
					"-weak_framework",
					CoreMedia,
					"-weak_library",
					/usr/lib/libSystem.B.dylib,
				);
				PRODUCT_NAME = "$(TARGET_NAME)";
				TARGETED_DEVICE_FAMILY = "1,2";
				WRAPPER_EXTENSION = app;
			};
			name = Debug;
		};
		F14317BC155DC95900E4DA6C /* Release */ = {
			isa = XCBuildConfiguration;
			buildSettings = {
				ALWAYS_SEARCH_USER_PATHS = YES;
				COPY_PHASE_STRIP = YES;
				DEBUG_INFORMATION_FORMAT = "dwarf-with-dsym";
				FRAMEWORK_SEARCH_PATHS = /Users/Shared/Cordova/Frameworks;
				GCC_PRECOMPILE_PREFIX_HEADER = YES;
				GCC_PREFIX_HEADER = "morgart_crud2/morgart_crud2-Prefix.pch";
				GCC_PREPROCESSOR_DEFINITIONS = (
					"NDEBUG=1,",
					"CORDOVA_FRAMEWORK=1",
				);
				GCC_THUMB_SUPPORT = NO;
				INFOPLIST_FILE = "morgart_crud2/morgart_crud2-Info.plist";
				OTHER_LDFLAGS = (
					"-weak_framework",
					UIKit,
					"-weak_framework",
					AVFoundation,
					"-weak_framework",
					CoreMedia,
					"-weak_library",
					/usr/lib/libSystem.B.dylib,
				);
				PRODUCT_NAME = "$(TARGET_NAME)";
				TARGETED_DEVICE_FAMILY = "1,2";
				VALIDATE_PRODUCT = YES;
				WRAPPER_EXTENSION = app;
			};
			name = Release;
		};
/* End XCBuildConfiguration section */

/* Begin XCConfigurationList section */
		F1431758155DC95700E4DA6C /* Build configuration list for PBXProject "morgart_crud2" */ = {
			isa = XCConfigurationList;
			buildConfigurations = (
				F14317B8155DC95900E4DA6C /* Debug */,
				F14317B9155DC95900E4DA6C /* Release */,
			);
			defaultConfigurationIsVisible = 0;
			defaultConfigurationName = Release;
		};
		F14317BA155DC95900E4DA6C /* Build configuration list for PBXNativeTarget "morgart_crud2" */ = {
			isa = XCConfigurationList;
			buildConfigurations = (
				F14317BB155DC95900E4DA6C /* Debug */,
				F14317BC155DC95900E4DA6C /* Release */,
			);
			defaultConfigurationIsVisible = 0;
			defaultConfigurationName = Release;
		};
/* End XCConfigurationList section */
	};
	rootObject = F1431755155DC95700E4DA6C /* Project object */;
}
